
Microsoft Visual Studio Solution File, Format Version 12.00
# Visual Studio Version 17
VisualStudioVersion = 17.6.33815.320
MinimumVisualStudioVersion = 10.0.40219.1
Project("{FAE04EC0-301F-11D3-BF4B-00C04F79EFBC}") = "Bonheur.Outlets.API", "Bonheur.Outlets.API\Bonheur.Outlets.API.csproj", "{D38427C4-1ADE-444B-A8C5-6B7684F8AB02}"
EndProject
Project("{FAE04EC0-301F-11D3-BF4B-00C04F79EFBC}") = "Bonheur.Outlets.Manager", "Bonheur.Outlets.Manager\Bonheur.Outlets.Manager.csproj", "{6A7B4B9E-FEE8-4805-8DA4-2CCB6B006F6E}"
EndProject
Project("{FAE04EC0-301F-11D3-BF4B-00C04F79EFBC}") = "Bonheur.Outlets.Dataservice", "Bonheur.Outlets.Dataservice\Bonheur.Outlets.Dataservice.csproj", "{EE5D5D48-5ABD-48EB-A3CB-956F26CFA959}"
EndProject
Project("{2150E333-8FDC-42A3-9474-1A3956D46DE8}") = "scaffold-command", "scaffold-command", "{F6CA6455-8FBD-4C68-AA94-B770EFB28D57}"
	ProjectSection(SolutionItems) = preProject
		scaffold.txt = scaffold.txt
	EndProjectSection
EndProject
Global
	GlobalSection(SolutionConfigurationPlatforms) = preSolution
		Debug|Any CPU = Debug|Any CPU
		Release|Any CPU = Release|Any CPU
	EndGlobalSection
	GlobalSection(ProjectConfigurationPlatforms) = postSolution
		{D38427C4-1ADE-444B-A8C5-6B7684F8AB02}.Debug|Any CPU.ActiveCfg = Debug|Any CPU
		{D38427C4-1ADE-444B-A8C5-6B7684F8AB02}.Debug|Any CPU.Build.0 = Debug|Any CPU
		{D38427C4-1ADE-444B-A8C5-6B7684F8AB02}.Release|Any CPU.ActiveCfg = Release|Any CPU
		{D38427C4-1ADE-444B-A8C5-6B7684F8AB02}.Release|Any CPU.Build.0 = Release|Any CPU
		{6A7B4B9E-FEE8-4805-8DA4-2CCB6B006F6E}.Debug|Any CPU.ActiveCfg = Debug|Any CPU
		{6A7B4B9E-FEE8-4805-8DA4-2CCB6B006F6E}.Debug|Any CPU.Build.0 = Debug|Any CPU
		{6A7B4B9E-FEE8-4805-8DA4-2CCB6B006F6E}.Release|Any CPU.ActiveCfg = Release|Any CPU
		{6A7B4B9E-FEE8-4805-8DA4-2CCB6B006F6E}.Release|Any CPU.Build.0 = Release|Any CPU
		{EE5D5D48-5ABD-48EB-A3CB-956F26CFA959}.Debug|Any CPU.ActiveCfg = Debug|Any CPU
		{EE5D5D48-5ABD-48EB-A3CB-956F26CFA959}.Debug|Any CPU.Build.0 = Debug|Any CPU
		{EE5D5D48-5ABD-48EB-A3CB-956F26CFA959}.Release|Any CPU.ActiveCfg = Release|Any CPU
		{EE5D5D48-5ABD-48EB-A3CB-956F26CFA959}.Release|Any CPU.Build.0 = Release|Any CPU
	EndGlobalSection
	GlobalSection(SolutionProperties) = preSolution
		HideSolutionNode = FALSE
	EndGlobalSection
	GlobalSection(ExtensibilityGlobals) = postSolution
		SolutionGuid = {04BFFA13-4C31-47BA-AE6F-04DFFDF02FD6}
	EndGlobalSection
EndGlobal
